
Microsoft Visual Studio Solution File, Format Version 12.00
# Visual Studio 15
VisualStudioVersion = 15.0.28307.705
MinimumVisualStudioVersion = 10.0.40219.1
Project("{FAE04EC0-301F-11D3-BF4B-00C04F79EFBC}") = "Decoder", "Decoder\Decoder.csproj", "{7F3280AA-92EC-4444-BAC5-25DDD21CC1F4}"
EndProject
Project("{FAE04EC0-301F-11D3-BF4B-00C04F79EFBC}") = "Decoder.BL", "Decoder.BL\Decoder.BL.csproj", "{17DE9C65-A7AA-43EF-BDE4-8C6CACE6239D}"
EndProject
Global
	GlobalSection(SolutionConfigurationPlatforms) = preSolution
		Debug|Any CPU = Debug|Any CPU
		Release|Any CPU = Release|Any CPU
	EndGlobalSection
	GlobalSection(ProjectConfigurationPlatforms) = postSolution
		{7F3280AA-92EC-4444-BAC5-25DDD21CC1F4}.Debug|Any CPU.ActiveCfg = Debug|Any CPU
		{7F3280AA-92EC-4444-BAC5-25DDD21CC1F4}.Debug|Any CPU.Build.0 = Debug|Any CPU
		{7F3280AA-92EC-4444-BAC5-25DDD21CC1F4}.Release|Any CPU.ActiveCfg = Release|Any CPU
		{7F3280AA-92EC-4444-BAC5-25DDD21CC1F4}.Release|Any CPU.Build.0 = Release|Any CPU
		{17DE9C65-A7AA-43EF-BDE4-8C6CACE6239D}.Debug|Any CPU.ActiveCfg = Debug|Any CPU
		{17DE9C65-A7AA-43EF-BDE4-8C6CACE6239D}.Debug|Any CPU.Build.0 = Debug|Any CPU
		{17DE9C65-A7AA-43EF-BDE4-8C6CACE6239D}.Release|Any CPU.ActiveCfg = Release|Any CPU
		{17DE9C65-A7AA-43EF-BDE4-8C6CACE6239D}.Release|Any CPU.Build.0 = Release|Any CPU
	EndGlobalSection
	GlobalSection(SolutionProperties) = preSolution
		HideSolutionNode = FALSE
	EndGlobalSection
	GlobalSection(ExtensibilityGlobals) = postSolution
		SolutionGuid = {96AF525C-73BC-40B9-913F-A638B6BA8315}
	EndGlobalSection
EndGlobal
